// !$*UTF8*$!
{
	archiveVersion = 1;
	classes = {
	};
	objectVersion = 55;
	objects = {

/* Begin PBXBuildFile section */
		1B34DB33FA53262EAEEB548D /* Pods_smogify_smogifyUITests.framework in Frameworks */ = {isa = PBXBuildFile; fileRef = 0BE2538853143CE101621EA1 /* Pods_smogify_smogifyUITests.framework */; };
		1C347B8BB20C5427B929AE01 /* Pods_smogify.framework in Frameworks */ = {isa = PBXBuildFile; fileRef = 8056E32B663BC7B86901F873 /* Pods_smogify.framework */; };
		3884319CF569AB5DADE5E64E /* Pods_smogifyTests.framework in Frameworks */ = {isa = PBXBuildFile; fileRef = ED15B965A1E8601AA098E72A /* Pods_smogifyTests.framework */; };
		72AA75E8288BA6F700E1E1D8 /* AppDelegate.swift in Sources */ = {isa = PBXBuildFile; fileRef = 72AA75E7288BA6F700E1E1D8 /* AppDelegate.swift */; };
		72AA75EA288BA6F700E1E1D8 /* SceneDelegate.swift in Sources */ = {isa = PBXBuildFile; fileRef = 72AA75E9288BA6F700E1E1D8 /* SceneDelegate.swift */; };
		72AA75EC288BA6F700E1E1D8 /* ViewController.swift in Sources */ = {isa = PBXBuildFile; fileRef = 72AA75EB288BA6F700E1E1D8 /* ViewController.swift */; };
		72AA75EF288BA6F700E1E1D8 /* Main.storyboard in Resources */ = {isa = PBXBuildFile; fileRef = 72AA75ED288BA6F700E1E1D8 /* Main.storyboard */; };
		72AA75F1288BA6F900E1E1D8 /* Assets.xcassets in Resources */ = {isa = PBXBuildFile; fileRef = 72AA75F0288BA6F900E1E1D8 /* Assets.xcassets */; };
		72AA75F4288BA6F900E1E1D8 /* LaunchScreen.storyboard in Resources */ = {isa = PBXBuildFile; fileRef = 72AA75F2288BA6F900E1E1D8 /* LaunchScreen.storyboard */; };
		72AA75FF288BA6F900E1E1D8 /* smogifyTests.swift in Sources */ = {isa = PBXBuildFile; fileRef = 72AA75FE288BA6F900E1E1D8 /* smogifyTests.swift */; };
		72AA7609288BA6F900E1E1D8 /* smogifyUITests.swift in Sources */ = {isa = PBXBuildFile; fileRef = 72AA7608288BA6F900E1E1D8 /* smogifyUITests.swift */; };
		72AA760B288BA6F900E1E1D8 /* smogifyUITestsLaunchTests.swift in Sources */ = {isa = PBXBuildFile; fileRef = 72AA760A288BA6F900E1E1D8 /* smogifyUITestsLaunchTests.swift */; };
		72AA7618288BA90E00E1E1D8 /* streetAnimation.json in Resources */ = {isa = PBXBuildFile; fileRef = 72AA7617288BA90E00E1E1D8 /* streetAnimation.json */; };
		72AA761B288BA91A00E1E1D8 /* UberMoveBold.otf in Resources */ = {isa = PBXBuildFile; fileRef = 72AA7619288BA91A00E1E1D8 /* UberMoveBold.otf */; };
		72AA761C288BA91A00E1E1D8 /* UberMoveMedium.otf in Resources */ = {isa = PBXBuildFile; fileRef = 72AA761A288BA91A00E1E1D8 /* UberMoveMedium.otf */; };
		72AA761E288BAC2600E1E1D8 /* LogInViewController.swift in Sources */ = {isa = PBXBuildFile; fileRef = 72AA761D288BAC2600E1E1D8 /* LogInViewController.swift */; };
		72AA7620288BAC3200E1E1D8 /* SignUpViewController.swift in Sources */ = {isa = PBXBuildFile; fileRef = 72AA761F288BAC3200E1E1D8 /* SignUpViewController.swift */; };
		72F09BCA288C68630051D4AF /* RewardsViewController.swift in Sources */ = {isa = PBXBuildFile; fileRef = 72F09BC9288C68630051D4AF /* RewardsViewController.swift */; };
		72F09BCC288C76B50051D4AF /* StyledCell.swift in Sources */ = {isa = PBXBuildFile; fileRef = 72F09BCB288C76B50051D4AF /* StyledCell.swift */; };
		72F09BD0288C9B880051D4AF /* RoutesViewController.swift in Sources */ = {isa = PBXBuildFile; fileRef = 72F09BCF288C9B880051D4AF /* RoutesViewController.swift */; };
		72F0D01B288C214800FF4C26 /* ScanViewController.swift in Sources */ = {isa = PBXBuildFile; fileRef = 72F0D01A288C214800FF4C26 /* ScanViewController.swift */; };
		72F0D020288C23E900FF4C26 /* TBD-Final.mlmodel in Sources */ = {isa = PBXBuildFile; fileRef = 72F0D01F288C23E900FF4C26 /* TBD-Final.mlmodel */; };
		72F0D023288C31C200FF4C26 /* MainScene.swift in Sources */ = {isa = PBXBuildFile; fileRef = 72F0D022288C31C200FF4C26 /* MainScene.swift */; };
/* End PBXBuildFile section */

/* Begin PBXContainerItemProxy section */
		72AA75FB288BA6F900E1E1D8 /* PBXContainerItemProxy */ = {
			isa = PBXContainerItemProxy;
			containerPortal = 72AA75DC288BA6F700E1E1D8 /* Project object */;
			proxyType = 1;
			remoteGlobalIDString = 72AA75E3288BA6F700E1E1D8;
			remoteInfo = smogify;
		};
		72AA7605288BA6F900E1E1D8 /* PBXContainerItemProxy */ = {
			isa = PBXContainerItemProxy;
			containerPortal = 72AA75DC288BA6F700E1E1D8 /* Project object */;
			proxyType = 1;
			remoteGlobalIDString = 72AA75E3288BA6F700E1E1D8;
			remoteInfo = smogify;
		};
/* End PBXContainerItemProxy section */

/* Begin PBXFileReference section */
		0BE2538853143CE101621EA1 /* Pods_smogify_smogifyUITests.framework */ = {isa = PBXFileReference; explicitFileType = wrapper.framework; includeInIndex = 0; path = Pods_smogify_smogifyUITests.framework; sourceTree = BUILT_PRODUCTS_DIR; };
		4EE5FE6DDCACB5DCD7B7EAB5 /* Pods-smogifyTests.release.xcconfig */ = {isa = PBXFileReference; includeInIndex = 1; lastKnownFileType = text.xcconfig; name = "Pods-smogifyTests.release.xcconfig"; path = "Target Support Files/Pods-smogifyTests/Pods-smogifyTests.release.xcconfig"; sourceTree = "<group>"; };
		5BA8C483EEFB593321A3A13C /* Pods-smogify.debug.xcconfig */ = {isa = PBXFileReference; includeInIndex = 1; lastKnownFileType = text.xcconfig; name = "Pods-smogify.debug.xcconfig"; path = "Target Support Files/Pods-smogify/Pods-smogify.debug.xcconfig"; sourceTree = "<group>"; };
		5D1B1FE4247B7C738C6DC36D /* Pods-smogify.release.xcconfig */ = {isa = PBXFileReference; includeInIndex = 1; lastKnownFileType = text.xcconfig; name = "Pods-smogify.release.xcconfig"; path = "Target Support Files/Pods-smogify/Pods-smogify.release.xcconfig"; sourceTree = "<group>"; };
		72AA75E4288BA6F700E1E1D8 /* smogify.app */ = {isa = PBXFileReference; explicitFileType = wrapper.application; includeInIndex = 0; path = smogify.app; sourceTree = BUILT_PRODUCTS_DIR; };
		72AA75E7288BA6F700E1E1D8 /* AppDelegate.swift */ = {isa = PBXFileReference; lastKnownFileType = sourcecode.swift; path = AppDelegate.swift; sourceTree = "<group>"; };
		72AA75E9288BA6F700E1E1D8 /* SceneDelegate.swift */ = {isa = PBXFileReference; lastKnownFileType = sourcecode.swift; path = SceneDelegate.swift; sourceTree = "<group>"; };
		72AA75EB288BA6F700E1E1D8 /* ViewController.swift */ = {isa = PBXFileReference; lastKnownFileType = sourcecode.swift; path = ViewController.swift; sourceTree = "<group>"; };
		72AA75EE288BA6F700E1E1D8 /* Base */ = {isa = PBXFileReference; lastKnownFileType = file.storyboard; name = Base; path = Base.lproj/Main.storyboard; sourceTree = "<group>"; };
		72AA75F0288BA6F900E1E1D8 /* Assets.xcassets */ = {isa = PBXFileReference; lastKnownFileType = folder.assetcatalog; path = Assets.xcassets; sourceTree = "<group>"; };
		72AA75F3288BA6F900E1E1D8 /* Base */ = {isa = PBXFileReference; lastKnownFileType = file.storyboard; name = Base; path = Base.lproj/LaunchScreen.storyboard; sourceTree = "<group>"; };
		72AA75F5288BA6F900E1E1D8 /* Info.plist */ = {isa = PBXFileReference; lastKnownFileType = text.plist.xml; path = Info.plist; sourceTree = "<group>"; };
		72AA75FA288BA6F900E1E1D8 /* smogifyTests.xctest */ = {isa = PBXFileReference; explicitFileType = wrapper.cfbundle; includeInIndex = 0; path = smogifyTests.xctest; sourceTree = BUILT_PRODUCTS_DIR; };
		72AA75FE288BA6F900E1E1D8 /* smogifyTests.swift */ = {isa = PBXFileReference; lastKnownFileType = sourcecode.swift; path = smogifyTests.swift; sourceTree = "<group>"; };
		72AA7604288BA6F900E1E1D8 /* smogifyUITests.xctest */ = {isa = PBXFileReference; explicitFileType = wrapper.cfbundle; includeInIndex = 0; path = smogifyUITests.xctest; sourceTree = BUILT_PRODUCTS_DIR; };
		72AA7608288BA6F900E1E1D8 /* smogifyUITests.swift */ = {isa = PBXFileReference; lastKnownFileType = sourcecode.swift; path = smogifyUITests.swift; sourceTree = "<group>"; };
		72AA760A288BA6F900E1E1D8 /* smogifyUITestsLaunchTests.swift */ = {isa = PBXFileReference; lastKnownFileType = sourcecode.swift; path = smogifyUITestsLaunchTests.swift; sourceTree = "<group>"; };
		72AA7617288BA90E00E1E1D8 /* streetAnimation.json */ = {isa = PBXFileReference; fileEncoding = 4; lastKnownFileType = text.json; path = streetAnimation.json; sourceTree = "<group>"; };
		72AA7619288BA91A00E1E1D8 /* UberMoveBold.otf */ = {isa = PBXFileReference; lastKnownFileType = file; path = UberMoveBold.otf; sourceTree = "<group>"; };
		72AA761A288BA91A00E1E1D8 /* UberMoveMedium.otf */ = {isa = PBXFileReference; lastKnownFileType = file; path = UberMoveMedium.otf; sourceTree = "<group>"; };
		72AA761D288BAC2600E1E1D8 /* LogInViewController.swift */ = {isa = PBXFileReference; lastKnownFileType = sourcecode.swift; path = LogInViewController.swift; sourceTree = "<group>"; };
		72AA761F288BAC3200E1E1D8 /* SignUpViewController.swift */ = {isa = PBXFileReference; lastKnownFileType = sourcecode.swift; path = SignUpViewController.swift; sourceTree = "<group>"; };
		72F09BC9288C68630051D4AF /* RewardsViewController.swift */ = {isa = PBXFileReference; lastKnownFileType = sourcecode.swift; path = RewardsViewController.swift; sourceTree = "<group>"; };
		72F09BCB288C76B50051D4AF /* StyledCell.swift */ = {isa = PBXFileReference; lastKnownFileType = sourcecode.swift; path = StyledCell.swift; sourceTree = "<group>"; };
		72F09BCF288C9B880051D4AF /* RoutesViewController.swift */ = {isa = PBXFileReference; lastKnownFileType = sourcecode.swift; path = RoutesViewController.swift; sourceTree = "<group>"; };
		72F0D01A288C214800FF4C26 /* ScanViewController.swift */ = {isa = PBXFileReference; lastKnownFileType = sourcecode.swift; path = ScanViewController.swift; sourceTree = "<group>"; };
		72F0D01F288C23E900FF4C26 /* TBD-Final.mlmodel */ = {isa = PBXFileReference; lastKnownFileType = file.mlmodel; path = "TBD-Final.mlmodel"; sourceTree = "<group>"; };
		72F0D022288C31C200FF4C26 /* MainScene.swift */ = {isa = PBXFileReference; lastKnownFileType = sourcecode.swift; path = MainScene.swift; sourceTree = "<group>"; };
		8056E32B663BC7B86901F873 /* Pods_smogify.framework */ = {isa = PBXFileReference; explicitFileType = wrapper.framework; includeInIndex = 0; path = Pods_smogify.framework; sourceTree = BUILT_PRODUCTS_DIR; };
		A5143556B1B0BE6C6DB1ADAF /* Pods-smogify-smogifyUITests.release.xcconfig */ = {isa = PBXFileReference; includeInIndex = 1; lastKnownFileType = text.xcconfig; name = "Pods-smogify-smogifyUITests.release.xcconfig"; path = "Target Support Files/Pods-smogify-smogifyUITests/Pods-smogify-smogifyUITests.release.xcconfig"; sourceTree = "<group>"; };
		CE8AB970C527F648C2161906 /* Pods-smogifyTests.debug.xcconfig */ = {isa = PBXFileReference; includeInIndex = 1; lastKnownFileType = text.xcconfig; name = "Pods-smogifyTests.debug.xcconfig"; path = "Target Support Files/Pods-smogifyTests/Pods-smogifyTests.debug.xcconfig"; sourceTree = "<group>"; };
		ED15B965A1E8601AA098E72A /* Pods_smogifyTests.framework */ = {isa = PBXFileReference; explicitFileType = wrapper.framework; includeInIndex = 0; path = Pods_smogifyTests.framework; sourceTree = BUILT_PRODUCTS_DIR; };
		F36D81A4AB06DD59951E1528 /* Pods-smogify-smogifyUITests.debug.xcconfig */ = {isa = PBXFileReference; includeInIndex = 1; lastKnownFileType = text.xcconfig; name = "Pods-smogify-smogifyUITests.debug.xcconfig"; path = "Target Support Files/Pods-smogify-smogifyUITests/Pods-smogify-smogifyUITests.debug.xcconfig"; sourceTree = "<group>"; };
/* End PBXFileReference section */

/* Begin PBXFrameworksBuildPhase section */
		72AA75E1288BA6F700E1E1D8 /* Frameworks */ = {
			isa = PBXFrameworksBuildPhase;
			buildActionMask = 2147483647;
			files = (
				1C347B8BB20C5427B929AE01 /* Pods_smogify.framework in Frameworks */,
			);
			runOnlyForDeploymentPostprocessing = 0;
		};
		72AA75F7288BA6F900E1E1D8 /* Frameworks */ = {
			isa = PBXFrameworksBuildPhase;
			buildActionMask = 2147483647;
			files = (
				3884319CF569AB5DADE5E64E /* Pods_smogifyTests.framework in Frameworks */,
			);
			runOnlyForDeploymentPostprocessing = 0;
		};
		72AA7601288BA6F900E1E1D8 /* Frameworks */ = {
			isa = PBXFrameworksBuildPhase;
			buildActionMask = 2147483647;
			files = (
				1B34DB33FA53262EAEEB548D /* Pods_smogify_smogifyUITests.framework in Frameworks */,
			);
			runOnlyForDeploymentPostprocessing = 0;
		};
/* End PBXFrameworksBuildPhase section */

/* Begin PBXGroup section */
		02CA1BFEDC281667EA984630 /* Frameworks */ = {
			isa = PBXGroup;
			children = (
				8056E32B663BC7B86901F873 /* Pods_smogify.framework */,
				0BE2538853143CE101621EA1 /* Pods_smogify_smogifyUITests.framework */,
				ED15B965A1E8601AA098E72A /* Pods_smogifyTests.framework */,
			);
			name = Frameworks;
			sourceTree = "<group>";
		};
		2C511B5342FEA257C44DE34E /* Pods */ = {
			isa = PBXGroup;
			children = (
				5BA8C483EEFB593321A3A13C /* Pods-smogify.debug.xcconfig */,
				5D1B1FE4247B7C738C6DC36D /* Pods-smogify.release.xcconfig */,
				F36D81A4AB06DD59951E1528 /* Pods-smogify-smogifyUITests.debug.xcconfig */,
				A5143556B1B0BE6C6DB1ADAF /* Pods-smogify-smogifyUITests.release.xcconfig */,
				CE8AB970C527F648C2161906 /* Pods-smogifyTests.debug.xcconfig */,
				4EE5FE6DDCACB5DCD7B7EAB5 /* Pods-smogifyTests.release.xcconfig */,
			);
			path = Pods;
			sourceTree = "<group>";
		};
		72AA75DB288BA6F700E1E1D8 = {
			isa = PBXGroup;
			children = (
				72AA75E6288BA6F700E1E1D8 /* smogify */,
				72AA75FD288BA6F900E1E1D8 /* smogifyTests */,
				72AA7607288BA6F900E1E1D8 /* smogifyUITests */,
				72AA75E5288BA6F700E1E1D8 /* Products */,
				2C511B5342FEA257C44DE34E /* Pods */,
				02CA1BFEDC281667EA984630 /* Frameworks */,
			);
			sourceTree = "<group>";
		};
		72AA75E5288BA6F700E1E1D8 /* Products */ = {
			isa = PBXGroup;
			children = (
				72AA75E4288BA6F700E1E1D8 /* smogify.app */,
				72AA75FA288BA6F900E1E1D8 /* smogifyTests.xctest */,
				72AA7604288BA6F900E1E1D8 /* smogifyUITests.xctest */,
			);
			name = Products;
			sourceTree = "<group>";
		};
		72AA75E6288BA6F700E1E1D8 /* smogify */ = {
			isa = PBXGroup;
			children = (
				72F0D021288C31A000FF4C26 /* Models */,
				72F0D016288C20A100FF4C26 /* Views */,
				72AA75F5288BA6F900E1E1D8 /* Info.plist */,
				72F0D017288C20B100FF4C26 /* Controllers */,
				72F0D01C288C239F00FF4C26 /* CoreML */,
				72F0D019288C20EE00FF4C26 /* designAssets */,
				72F0D018288C20CC00FF4C26 /* delegates */,
			);
			path = smogify;
			sourceTree = "<group>";
		};
		72AA75FD288BA6F900E1E1D8 /* smogifyTests */ = {
			isa = PBXGroup;
			children = (
				72AA75FE288BA6F900E1E1D8 /* smogifyTests.swift */,
			);
			path = smogifyTests;
			sourceTree = "<group>";
		};
		72AA7607288BA6F900E1E1D8 /* smogifyUITests */ = {
			isa = PBXGroup;
			children = (
				72AA7608288BA6F900E1E1D8 /* smogifyUITests.swift */,
				72AA760A288BA6F900E1E1D8 /* smogifyUITestsLaunchTests.swift */,
			);
			path = smogifyUITests;
			sourceTree = "<group>";
		};
		72F0D016288C20A100FF4C26 /* Views */ = {
			isa = PBXGroup;
			children = (
				72AA75F2288BA6F900E1E1D8 /* LaunchScreen.storyboard */,
				72AA75ED288BA6F700E1E1D8 /* Main.storyboard */,
			);
			path = Views;
			sourceTree = "<group>";
		};
		72F0D017288C20B100FF4C26 /* Controllers */ = {
			isa = PBXGroup;
			children = (
				72AA75EB288BA6F700E1E1D8 /* ViewController.swift */,
				72AA761D288BAC2600E1E1D8 /* LogInViewController.swift */,
				72AA761F288BAC3200E1E1D8 /* SignUpViewController.swift */,
				72F0D01A288C214800FF4C26 /* ScanViewController.swift */,
				72F09BC9288C68630051D4AF /* RewardsViewController.swift */,
				72F09BCB288C76B50051D4AF /* StyledCell.swift */,
				72F09BCF288C9B880051D4AF /* RoutesViewController.swift */,
			);
			path = Controllers;
			sourceTree = "<group>";
		};
		72F0D018288C20CC00FF4C26 /* delegates */ = {
			isa = PBXGroup;
			children = (
				72AA75E7288BA6F700E1E1D8 /* AppDelegate.swift */,
				72AA75E9288BA6F700E1E1D8 /* SceneDelegate.swift */,
			);
			path = delegates;
			sourceTree = "<group>";
		};
		72F0D019288C20EE00FF4C26 /* designAssets */ = {
			isa = PBXGroup;
			children = (
				72AA75F0288BA6F900E1E1D8 /* Assets.xcassets */,
				72AA7617288BA90E00E1E1D8 /* streetAnimation.json */,
				72AA7619288BA91A00E1E1D8 /* UberMoveBold.otf */,
				72AA761A288BA91A00E1E1D8 /* UberMoveMedium.otf */,
			);
			path = designAssets;
			sourceTree = "<group>";
		};
		72F0D01C288C239F00FF4C26 /* CoreML */ = {
			isa = PBXGroup;
			children = (
				72F0D01F288C23E900FF4C26 /* TBD-Final.mlmodel */,
			);
			path = CoreML;
			sourceTree = "<group>";
		};
		72F0D021288C31A000FF4C26 /* Models */ = {
			isa = PBXGroup;
			children = (
				72F0D022288C31C200FF4C26 /* MainScene.swift */,
			);
			path = Models;
			sourceTree = "<group>";
		};
/* End PBXGroup section */

/* Begin PBXNativeTarget section */
		72AA75E3288BA6F700E1E1D8 /* smogify */ = {
			isa = PBXNativeTarget;
			buildConfigurationList = 72AA760E288BA6F900E1E1D8 /* Build configuration list for PBXNativeTarget "smogify" */;
			buildPhases = (
				5D5FFD5E1A9AF9CB575C4B03 /* [CP] Check Pods Manifest.lock */,
				72AA75E0288BA6F700E1E1D8 /* Sources */,
				72AA75E1288BA6F700E1E1D8 /* Frameworks */,
				72AA75E2288BA6F700E1E1D8 /* Resources */,
				16913000C4B34FC14C364F00 /* [CP] Embed Pods Frameworks */,
			);
			buildRules = (
			);
			dependencies = (
			);
			name = smogify;
			productName = smogify;
			productReference = 72AA75E4288BA6F700E1E1D8 /* smogify.app */;
			productType = "com.apple.product-type.application";
		};
		72AA75F9288BA6F900E1E1D8 /* smogifyTests */ = {
			isa = PBXNativeTarget;
			buildConfigurationList = 72AA7611288BA6F900E1E1D8 /* Build configuration list for PBXNativeTarget "smogifyTests" */;
			buildPhases = (
				A78E6A0FE9B9245F6A85C2FF /* [CP] Check Pods Manifest.lock */,
				72AA75F6288BA6F900E1E1D8 /* Sources */,
				72AA75F7288BA6F900E1E1D8 /* Frameworks */,
				72AA75F8288BA6F900E1E1D8 /* Resources */,
			);
			buildRules = (
			);
			dependencies = (
				72AA75FC288BA6F900E1E1D8 /* PBXTargetDependency */,
			);
			name = smogifyTests;
			productName = smogifyTests;
			productReference = 72AA75FA288BA6F900E1E1D8 /* smogifyTests.xctest */;
			productType = "com.apple.product-type.bundle.unit-test";
		};
		72AA7603288BA6F900E1E1D8 /* smogifyUITests */ = {
			isa = PBXNativeTarget;
			buildConfigurationList = 72AA7614288BA6F900E1E1D8 /* Build configuration list for PBXNativeTarget "smogifyUITests" */;
			buildPhases = (
				9EBB8B9E440A86F22760BE79 /* [CP] Check Pods Manifest.lock */,
				72AA7600288BA6F900E1E1D8 /* Sources */,
				72AA7601288BA6F900E1E1D8 /* Frameworks */,
				72AA7602288BA6F900E1E1D8 /* Resources */,
				330ACA9CFBC43E5ABF0579FF /* [CP] Embed Pods Frameworks */,
			);
			buildRules = (
			);
			dependencies = (
				72AA7606288BA6F900E1E1D8 /* PBXTargetDependency */,
			);
			name = smogifyUITests;
			productName = smogifyUITests;
			productReference = 72AA7604288BA6F900E1E1D8 /* smogifyUITests.xctest */;
			productType = "com.apple.product-type.bundle.ui-testing";
		};
/* End PBXNativeTarget section */

/* Begin PBXProject section */
		72AA75DC288BA6F700E1E1D8 /* Project object */ = {
			isa = PBXProject;
			attributes = {
				BuildIndependentTargetsInParallel = 1;
				LastSwiftUpdateCheck = 1320;
				LastUpgradeCheck = 1320;
				TargetAttributes = {
					72AA75E3288BA6F700E1E1D8 = {
						CreatedOnToolsVersion = 13.2.1;
					};
					72AA75F9288BA6F900E1E1D8 = {
						CreatedOnToolsVersion = 13.2.1;
						TestTargetID = 72AA75E3288BA6F700E1E1D8;
					};
					72AA7603288BA6F900E1E1D8 = {
						CreatedOnToolsVersion = 13.2.1;
						TestTargetID = 72AA75E3288BA6F700E1E1D8;
					};
				};
			};
			buildConfigurationList = 72AA75DF288BA6F700E1E1D8 /* Build configuration list for PBXProject "smogify" */;
			compatibilityVersion = "Xcode 13.0";
			developmentRegion = en;
			hasScannedForEncodings = 0;
			knownRegions = (
				en,
				Base,
			);
			mainGroup = 72AA75DB288BA6F700E1E1D8;
			productRefGroup = 72AA75E5288BA6F700E1E1D8 /* Products */;
			projectDirPath = "";
			projectRoot = "";
			targets = (
				72AA75E3288BA6F700E1E1D8 /* smogify */,
				72AA75F9288BA6F900E1E1D8 /* smogifyTests */,
				72AA7603288BA6F900E1E1D8 /* smogifyUITests */,
			);
		};
/* End PBXProject section */

/* Begin PBXResourcesBuildPhase section */
		72AA75E2288BA6F700E1E1D8 /* Resources */ = {
			isa = PBXResourcesBuildPhase;
			buildActionMask = 2147483647;
			files = (
				72AA75F4288BA6F900E1E1D8 /* LaunchScreen.storyboard in Resources */,
				72AA75F1288BA6F900E1E1D8 /* Assets.xcassets in Resources */,
				72AA761B288BA91A00E1E1D8 /* UberMoveBold.otf in Resources */,
				72AA75EF288BA6F700E1E1D8 /* Main.storyboard in Resources */,
				72AA7618288BA90E00E1E1D8 /* streetAnimation.json in Resources */,
				72AA761C288BA91A00E1E1D8 /* UberMoveMedium.otf in Resources */,
			);
			runOnlyForDeploymentPostprocessing = 0;
		};
		72AA75F8288BA6F900E1E1D8 /* Resources */ = {
			isa = PBXResourcesBuildPhase;
			buildActionMask = 2147483647;
			files = (
			);
			runOnlyForDeploymentPostprocessing = 0;
		};
		72AA7602288BA6F900E1E1D8 /* Resources */ = {
			isa = PBXResourcesBuildPhase;
			buildActionMask = 2147483647;
			files = (
			);
			runOnlyForDeploymentPostprocessing = 0;
		};
/* End PBXResourcesBuildPhase section */

/* Begin PBXShellScriptBuildPhase section */
		16913000C4B34FC14C364F00 /* [CP] Embed Pods Frameworks */ = {
			isa = PBXShellScriptBuildPhase;
			buildActionMask = 2147483647;
			files = (
			);
			inputFileListPaths = (
				"${PODS_ROOT}/Target Support Files/Pods-smogify/Pods-smogify-frameworks-${CONFIGURATION}-input-files.xcfilelist",
			);
			name = "[CP] Embed Pods Frameworks";
			outputFileListPaths = (
				"${PODS_ROOT}/Target Support Files/Pods-smogify/Pods-smogify-frameworks-${CONFIGURATION}-output-files.xcfilelist",
			);
			runOnlyForDeploymentPostprocessing = 0;
			shellPath = /bin/sh;
			shellScript = "\"${PODS_ROOT}/Target Support Files/Pods-smogify/Pods-smogify-frameworks.sh\"\n";
			showEnvVarsInLog = 0;
		};
		330ACA9CFBC43E5ABF0579FF /* [CP] Embed Pods Frameworks */ = {
			isa = PBXShellScriptBuildPhase;
			buildActionMask = 2147483647;
			files = (
			);
			inputFileListPaths = (
				"${PODS_ROOT}/Target Support Files/Pods-smogify-smogifyUITests/Pods-smogify-smogifyUITests-frameworks-${CONFIGURATION}-input-files.xcfilelist",
			);
			name = "[CP] Embed Pods Frameworks";
			outputFileListPaths = (
				"${PODS_ROOT}/Target Support Files/Pods-smogify-smogifyUITests/Pods-smogify-smogifyUITests-frameworks-${CONFIGURATION}-output-files.xcfilelist",
			);
			runOnlyForDeploymentPostprocessing = 0;
			shellPath = /bin/sh;
			shellScript = "\"${PODS_ROOT}/Target Support Files/Pods-smogify-smogifyUITests/Pods-smogify-smogifyUITests-frameworks.sh\"\n";
			showEnvVarsInLog = 0;
		};
		5D5FFD5E1A9AF9CB575C4B03 /* [CP] Check Pods Manifest.lock */ = {
			isa = PBXShellScriptBuildPhase;
			buildActionMask = 2147483647;
			files = (
			);
			inputFileListPaths = (
			);
			inputPaths = (
				"${PODS_PODFILE_DIR_PATH}/Podfile.lock",
				"${PODS_ROOT}/Manifest.lock",
			);
			name = "[CP] Check Pods Manifest.lock";
			outputFileListPaths = (
			);
			outputPaths = (
				"$(DERIVED_FILE_DIR)/Pods-smogify-checkManifestLockResult.txt",
			);
			runOnlyForDeploymentPostprocessing = 0;
			shellPath = /bin/sh;
			shellScript = "diff \"${PODS_PODFILE_DIR_PATH}/Podfile.lock\" \"${PODS_ROOT}/Manifest.lock\" > /dev/null\nif [ $? != 0 ] ; then\n    # print error to STDERR\n    echo \"error: The sandbox is not in sync with the Podfile.lock. Run 'pod install' or update your CocoaPods installation.\" >&2\n    exit 1\nfi\n# This output is used by Xcode 'outputs' to avoid re-running this script phase.\necho \"SUCCESS\" > \"${SCRIPT_OUTPUT_FILE_0}\"\n";
			showEnvVarsInLog = 0;
		};
		9EBB8B9E440A86F22760BE79 /* [CP] Check Pods Manifest.lock */ = {
			isa = PBXShellScriptBuildPhase;
			buildActionMask = 2147483647;
			files = (
			);
			inputFileListPaths = (
			);
			inputPaths = (
				"${PODS_PODFILE_DIR_PATH}/Podfile.lock",
				"${PODS_ROOT}/Manifest.lock",
			);
			name = "[CP] Check Pods Manifest.lock";
			outputFileListPaths = (
			);
			outputPaths = (
				"$(DERIVED_FILE_DIR)/Pods-smogify-smogifyUITests-checkManifestLockResult.txt",
			);
			runOnlyForDeploymentPostprocessing = 0;
			shellPath = /bin/sh;
			shellScript = "diff \"${PODS_PODFILE_DIR_PATH}/Podfile.lock\" \"${PODS_ROOT}/Manifest.lock\" > /dev/null\nif [ $? != 0 ] ; then\n    # print error to STDERR\n    echo \"error: The sandbox is not in sync with the Podfile.lock. Run 'pod install' or update your CocoaPods installation.\" >&2\n    exit 1\nfi\n# This output is used by Xcode 'outputs' to avoid re-running this script phase.\necho \"SUCCESS\" > \"${SCRIPT_OUTPUT_FILE_0}\"\n";
			showEnvVarsInLog = 0;
		};
		A78E6A0FE9B9245F6A85C2FF /* [CP] Check Pods Manifest.lock */ = {
			isa = PBXShellScriptBuildPhase;
			buildActionMask = 2147483647;
			files = (
			);
			inputFileListPaths = (
			);
			inputPaths = (
				"${PODS_PODFILE_DIR_PATH}/Podfile.lock",
				"${PODS_ROOT}/Manifest.lock",
			);
			name = "[CP] Check Pods Manifest.lock";
			outputFileListPaths = (
			);
			outputPaths = (
				"$(DERIVED_FILE_DIR)/Pods-smogifyTests-checkManifestLockResult.txt",
			);
			runOnlyForDeploymentPostprocessing = 0;
			shellPath = /bin/sh;
			shellScript = "diff \"${PODS_PODFILE_DIR_PATH}/Podfile.lock\" \"${PODS_ROOT}/Manifest.lock\" > /dev/null\nif [ $? != 0 ] ; then\n    # print error to STDERR\n    echo \"error: The sandbox is not in sync with the Podfile.lock. Run 'pod install' or update your CocoaPods installation.\" >&2\n    exit 1\nfi\n# This output is used by Xcode 'outputs' to avoid re-running this script phase.\necho \"SUCCESS\" > \"${SCRIPT_OUTPUT_FILE_0}\"\n";
			showEnvVarsInLog = 0;
		};
/* End PBXShellScriptBuildPhase section */

/* Begin PBXSourcesBuildPhase section */
		72AA75E0288BA6F700E1E1D8 /* Sources */ = {
			isa = PBXSourcesBuildPhase;
			buildActionMask = 2147483647;
			files = (
				72F09BCA288C68630051D4AF /* RewardsViewController.swift in Sources */,
				72F09BD0288C9B880051D4AF /* RoutesViewController.swift in Sources */,
				72AA761E288BAC2600E1E1D8 /* LogInViewController.swift in Sources */,
				72F09BCC288C76B50051D4AF /* StyledCell.swift in Sources */,
				72F0D020288C23E900FF4C26 /* TBD-Final.mlmodel in Sources */,
				72AA75EC288BA6F700E1E1D8 /* ViewController.swift in Sources */,
				72AA75E8288BA6F700E1E1D8 /* AppDelegate.swift in Sources */,
				72AA75EA288BA6F700E1E1D8 /* SceneDelegate.swift in Sources */,
				72F0D023288C31C200FF4C26 /* MainScene.swift in Sources */,
				72AA7620288BAC3200E1E1D8 /* SignUpViewController.swift in Sources */,
				72F0D01B288C214800FF4C26 /* ScanViewController.swift in Sources */,
			);
			runOnlyForDeploymentPostprocessing = 0;
		};
		72AA75F6288BA6F900E1E1D8 /* Sources */ = {
			isa = PBXSourcesBuildPhase;
			buildActionMask = 2147483647;
			files = (
				72AA75FF288BA6F900E1E1D8 /* smogifyTests.swift in Sources */,
			);
			runOnlyForDeploymentPostprocessing = 0;
		};
		72AA7600288BA6F900E1E1D8 /* Sources */ = {
			isa = PBXSourcesBuildPhase;
			buildActionMask = 2147483647;
			files = (
				72AA7609288BA6F900E1E1D8 /* smogifyUITests.swift in Sources */,
				72AA760B288BA6F900E1E1D8 /* smogifyUITestsLaunchTests.swift in Sources */,
			);
			runOnlyForDeploymentPostprocessing = 0;
		};
/* End PBXSourcesBuildPhase section */

/* Begin PBXTargetDependency section */
		72AA75FC288BA6F900E1E1D8 /* PBXTargetDependency */ = {
			isa = PBXTargetDependency;
			target = 72AA75E3288BA6F700E1E1D8 /* smogify */;
			targetProxy = 72AA75FB288BA6F900E1E1D8 /* PBXContainerItemProxy */;
		};
		72AA7606288BA6F900E1E1D8 /* PBXTargetDependency */ = {
			isa = PBXTargetDependency;
			target = 72AA75E3288BA6F700E1E1D8 /* smogify */;
			targetProxy = 72AA7605288BA6F900E1E1D8 /* PBXContainerItemProxy */;
		};
/* End PBXTargetDependency section */

/* Begin PBXVariantGroup section */
		72AA75ED288BA6F700E1E1D8 /* Main.storyboard */ = {
			isa = PBXVariantGroup;
			children = (
				72AA75EE288BA6F700E1E1D8 /* Base */,
			);
			name = Main.storyboard;
			sourceTree = "<group>";
		};
		72AA75F2288BA6F900E1E1D8 /* LaunchScreen.storyboard */ = {
			isa = PBXVariantGroup;
			children = (
				72AA75F3288BA6F900E1E1D8 /* Base */,
			);
			name = LaunchScreen.storyboard;
			sourceTree = "<group>";
		};
/* End PBXVariantGroup section */

/* Begin XCBuildConfiguration section */
		72AA760C288BA6F900E1E1D8 /* Debug */ = {
			isa = XCBuildConfiguration;
			buildSettings = {
				ALWAYS_SEARCH_USER_PATHS = NO;
				CLANG_ANALYZER_NONNULL = YES;
				CLANG_ANALYZER_NUMBER_OBJECT_CONVERSION = YES_AGGRESSIVE;
				CLANG_CXX_LANGUAGE_STANDARD = "gnu++17";
				CLANG_CXX_LIBRARY = "libc++";
				CLANG_ENABLE_MODULES = YES;
				CLANG_ENABLE_OBJC_ARC = YES;
				CLANG_ENABLE_OBJC_WEAK = YES;
				CLANG_WARN_BLOCK_CAPTURE_AUTORELEASING = YES;
				CLANG_WARN_BOOL_CONVERSION = YES;
				CLANG_WARN_COMMA = YES;
				CLANG_WARN_CONSTANT_CONVERSION = YES;
				CLANG_WARN_DEPRECATED_OBJC_IMPLEMENTATIONS = YES;
				CLANG_WARN_DIRECT_OBJC_ISA_USAGE = YES_ERROR;
				CLANG_WARN_DOCUMENTATION_COMMENTS = YES;
				CLANG_WARN_EMPTY_BODY = YES;
				CLANG_WARN_ENUM_CONVERSION = YES;
				CLANG_WARN_INFINITE_RECURSION = YES;
				CLANG_WARN_INT_CONVERSION = YES;
				CLANG_WARN_NON_LITERAL_NULL_CONVERSION = YES;
				CLANG_WARN_OBJC_IMPLICIT_RETAIN_SELF = YES;
				CLANG_WARN_OBJC_LITERAL_CONVERSION = YES;
				CLANG_WARN_OBJC_ROOT_CLASS = YES_ERROR;
				CLANG_WARN_QUOTED_INCLUDE_IN_FRAMEWORK_HEADER = YES;
				CLANG_WARN_RANGE_LOOP_ANALYSIS = YES;
				CLANG_WARN_STRICT_PROTOTYPES = YES;
				CLANG_WARN_SUSPICIOUS_MOVE = YES;
				CLANG_WARN_UNGUARDED_AVAILABILITY = YES_AGGRESSIVE;
				CLANG_WARN_UNREACHABLE_CODE = YES;
				CLANG_WARN__DUPLICATE_METHOD_MATCH = YES;
				COPY_PHASE_STRIP = NO;
				DEBUG_INFORMATION_FORMAT = dwarf;
				ENABLE_STRICT_OBJC_MSGSEND = YES;
				ENABLE_TESTABILITY = YES;
				GCC_C_LANGUAGE_STANDARD = gnu11;
				GCC_DYNAMIC_NO_PIC = NO;
				GCC_NO_COMMON_BLOCKS = YES;
				GCC_OPTIMIZATION_LEVEL = 0;
				GCC_PREPROCESSOR_DEFINITIONS = (
					"DEBUG=1",
					"$(inherited)",
				);
				GCC_WARN_64_TO_32_BIT_CONVERSION = YES;
				GCC_WARN_ABOUT_RETURN_TYPE = YES_ERROR;
				GCC_WARN_UNDECLARED_SELECTOR = YES;
				GCC_WARN_UNINITIALIZED_AUTOS = YES_AGGRESSIVE;
				GCC_WARN_UNUSED_FUNCTION = YES;
				GCC_WARN_UNUSED_VARIABLE = YES;
				IPHONEOS_DEPLOYMENT_TARGET = 15.2;
				MTL_ENABLE_DEBUG_INFO = INCLUDE_SOURCE;
				MTL_FAST_MATH = YES;
				ONLY_ACTIVE_ARCH = YES;
				SDKROOT = iphoneos;
				SWIFT_ACTIVE_COMPILATION_CONDITIONS = DEBUG;
				SWIFT_OPTIMIZATION_LEVEL = "-Onone";
			};
			name = Debug;
		};
		72AA760D288BA6F900E1E1D8 /* Release */ = {
			isa = XCBuildConfiguration;
			buildSettings = {
				ALWAYS_SEARCH_USER_PATHS = NO;
				CLANG_ANALYZER_NONNULL = YES;
				CLANG_ANALYZER_NUMBER_OBJECT_CONVERSION = YES_AGGRESSIVE;
				CLANG_CXX_LANGUAGE_STANDARD = "gnu++17";
				CLANG_CXX_LIBRARY = "libc++";
				CLANG_ENABLE_MODULES = YES;
				CLANG_ENABLE_OBJC_ARC = YES;
				CLANG_ENABLE_OBJC_WEAK = YES;
				CLANG_WARN_BLOCK_CAPTURE_AUTORELEASING = YES;
				CLANG_WARN_BOOL_CONVERSION = YES;
				CLANG_WARN_COMMA = YES;
				CLANG_WARN_CONSTANT_CONVERSION = YES;
				CLANG_WARN_DEPRECATED_OBJC_IMPLEMENTATIONS = YES;
				CLANG_WARN_DIRECT_OBJC_ISA_USAGE = YES_ERROR;
				CLANG_WARN_DOCUMENTATION_COMMENTS = YES;
				CLANG_WARN_EMPTY_BODY = YES;
				CLANG_WARN_ENUM_CONVERSION = YES;
				CLANG_WARN_INFINITE_RECURSION = YES;
				CLANG_WARN_INT_CONVERSION = YES;
				CLANG_WARN_NON_LITERAL_NULL_CONVERSION = YES;
				CLANG_WARN_OBJC_IMPLICIT_RETAIN_SELF = YES;
				CLANG_WARN_OBJC_LITERAL_CONVERSION = YES;
				CLANG_WARN_OBJC_ROOT_CLASS = YES_ERROR;
				CLANG_WARN_QUOTED_INCLUDE_IN_FRAMEWORK_HEADER = YES;
				CLANG_WARN_RANGE_LOOP_ANALYSIS = YES;
				CLANG_WARN_STRICT_PROTOTYPES = YES;
				CLANG_WARN_SUSPICIOUS_MOVE = YES;
				CLANG_WARN_UNGUARDED_AVAILABILITY = YES_AGGRESSIVE;
				CLANG_WARN_UNREACHABLE_CODE = YES;
				CLANG_WARN__DUPLICATE_METHOD_MATCH = YES;
				COPY_PHASE_STRIP = NO;
				DEBUG_INFORMATION_FORMAT = "dwarf-with-dsym";
				ENABLE_NS_ASSERTIONS = NO;
				ENABLE_STRICT_OBJC_MSGSEND = YES;
				GCC_C_LANGUAGE_STANDARD = gnu11;
				GCC_NO_COMMON_BLOCKS = YES;
				GCC_WARN_64_TO_32_BIT_CONVERSION = YES;
				GCC_WARN_ABOUT_RETURN_TYPE = YES_ERROR;
				GCC_WARN_UNDECLARED_SELECTOR = YES;
				GCC_WARN_UNINITIALIZED_AUTOS = YES_AGGRESSIVE;
				GCC_WARN_UNUSED_FUNCTION = YES;
				GCC_WARN_UNUSED_VARIABLE = YES;
				IPHONEOS_DEPLOYMENT_TARGET = 15.2;
				MTL_ENABLE_DEBUG_INFO = NO;
				MTL_FAST_MATH = YES;
				SDKROOT = iphoneos;
				SWIFT_COMPILATION_MODE = wholemodule;
				SWIFT_OPTIMIZATION_LEVEL = "-O";
				VALIDATE_PRODUCT = YES;
			};
			name = Release;
		};
		72AA760F288BA6F900E1E1D8 /* Debug */ = {
			isa = XCBuildConfiguration;
			baseConfigurationReference = 5BA8C483EEFB593321A3A13C /* Pods-smogify.debug.xcconfig */;
			buildSettings = {
				ASSETCATALOG_COMPILER_APPICON_NAME = AppIcon;
				ASSETCATALOG_COMPILER_GLOBAL_ACCENT_COLOR_NAME = AccentColor;
				CODE_SIGN_STYLE = Automatic;
				CURRENT_PROJECT_VERSION = 1;
				DEVELOPMENT_TEAM = 3YZ68KUMHG;
				GENERATE_INFOPLIST_FILE = YES;
				INFOPLIST_FILE = smogify/Info.plist;
				INFOPLIST_KEY_NSCameraUsageDescription = "Smogify uses camera data to identify smog :)";
				INFOPLIST_KEY_UIApplicationSupportsIndirectInputEvents = YES;
				INFOPLIST_KEY_UILaunchStoryboardName = LaunchScreen;
				INFOPLIST_KEY_UIMainStoryboardFile = Main;
				INFOPLIST_KEY_UISupportedInterfaceOrientations = UIInterfaceOrientationPortrait;
				INFOPLIST_KEY_UISupportedInterfaceOrientations_iPad = "UIInterfaceOrientationPortrait UIInterfaceOrientationPortraitUpsideDown UIInterfaceOrientationLandscapeLeft UIInterfaceOrientationLandscapeRight";
				INFOPLIST_KEY_UISupportedInterfaceOrientations_iPhone = "UIInterfaceOrientationPortrait UIInterfaceOrientationLandscapeLeft UIInterfaceOrientationLandscapeRight";
				IPHONEOS_DEPLOYMENT_TARGET = 15.2;
				LD_RUNPATH_SEARCH_PATHS = (
					"$(inherited)",
					"@executable_path/Frameworks",
				);
				MARKETING_VERSION = 1.0;
				PRODUCT_BUNDLE_IDENTIFIER = nxt1.smogify;
				PRODUCT_NAME = "$(TARGET_NAME)";
				SWIFT_EMIT_LOC_STRINGS = YES;
				SWIFT_VERSION = 5.0;
				TARGETED_DEVICE_FAMILY = "1,2";
			};
			name = Debug;
		};
		72AA7610288BA6F900E1E1D8 /* Release */ = {
			isa = XCBuildConfiguration;
			baseConfigurationReference = 5D1B1FE4247B7C738C6DC36D /* Pods-smogify.release.xcconfig */;
			buildSettings = {
				ASSETCATALOG_COMPILER_APPICON_NAME = AppIcon;
				ASSETCATALOG_COMPILER_GLOBAL_ACCENT_COLOR_NAME = AccentColor;
				CODE_SIGN_STYLE = Automatic;
				CURRENT_PROJECT_VERSION = 1;
				DEVELOPMENT_TEAM = 3YZ68KUMHG;
				GENERATE_INFOPLIST_FILE = YES;
				INFOPLIST_FILE = smogify/Info.plist;
				INFOPLIST_KEY_NSCameraUsageDescription = "Smogify uses camera data to identify smog :)";
				INFOPLIST_KEY_UIApplicationSupportsIndirectInputEvents = YES;
				INFOPLIST_KEY_UILaunchStoryboardName = LaunchScreen;
				INFOPLIST_KEY_UIMainStoryboardFile = Main;
				INFOPLIST_KEY_UISupportedInterfaceOrientations = UIInterfaceOrientationPortrait;
				INFOPLIST_KEY_UISupportedInterfaceOrientations_iPad = "UIInterfaceOrientationPortrait UIInterfaceOrientationPortraitUpsideDown UIInterfaceOrientationLandscapeLeft UIInterfaceOrientationLandscapeRight";
				INFOPLIST_KEY_UISupportedInterfaceOrientations_iPhone = "UIInterfaceOrientationPortrait UIInterfaceOrientationLandscapeLeft UIInterfaceOrientationLandscapeRight";
				IPHONEOS_DEPLOYMENT_TARGET = 15.2;
				LD_RUNPATH_SEARCH_PATHS = (
					"$(inherited)",
					"@executable_path/Frameworks",
				);
				MARKETING_VERSION = 1.0;
				PRODUCT_BUNDLE_IDENTIFIER = nxt1.smogify;
				PRODUCT_NAME = "$(TARGET_NAME)";
				SWIFT_EMIT_LOC_STRINGS = YES;
				SWIFT_VERSION = 5.0;
				TARGETED_DEVICE_FAMILY = "1,2";
			};
			name = Release;
		};
		72AA7612288BA6F900E1E1D8 /* Debug */ = {
			isa = XCBuildConfiguration;
			baseConfigurationReference = CE8AB970C527F648C2161906 /* Pods-smogifyTests.debug.xcconfig */;
			buildSettings = {
				ALWAYS_EMBED_SWIFT_STANDARD_LIBRARIES = YES;
				BUNDLE_LOADER = "$(TEST_HOST)";
				CODE_SIGN_STYLE = Automatic;
				CURRENT_PROJECT_VERSION = 1;
				DEVELOPMENT_TEAM = 3YZ68KUMHG;
				GENERATE_INFOPLIST_FILE = YES;
				IPHONEOS_DEPLOYMENT_TARGET = 15.2;
				MARKETING_VERSION = 1.0;
				PRODUCT_BUNDLE_IDENTIFIER = nxt1.smogifyTests;
				PRODUCT_NAME = "$(TARGET_NAME)";
				SWIFT_EMIT_LOC_STRINGS = NO;
				SWIFT_VERSION = 5.0;
				TARGETED_DEVICE_FAMILY = "1,2";
				TEST_HOST = "$(BUILT_PRODUCTS_DIR)/smogify.app/smogify";
			};
			name = Debug;
		};
		72AA7613288BA6F900E1E1D8 /* Release */ = {
			isa = XCBuildConfiguration;
			baseConfigurationReference = 4EE5FE6DDCACB5DCD7B7EAB5 /* Pods-smogifyTests.release.xcconfig */;
			buildSettings = {
				ALWAYS_EMBED_SWIFT_STANDARD_LIBRARIES = YES;
				BUNDLE_LOADER = "$(TEST_HOST)";
				CODE_SIGN_STYLE = Automatic;
				CURRENT_PROJECT_VERSION = 1;
				DEVELOPMENT_TEAM = 3YZ68KUMHG;
				GENERATE_INFOPLIST_FILE = YES;
				IPHONEOS_DEPLOYMENT_TARGET = 15.2;
				MARKETING_VERSION = 1.0;
				PRODUCT_BUNDLE_IDENTIFIER = nxt1.smogifyTests;
				PRODUCT_NAME = "$(TARGET_NAME)";
				SWIFT_EMIT_LOC_STRINGS = NO;
				SWIFT_VERSION = 5.0;
				TARGETED_DEVICE_FAMILY = "1,2";
				TEST_HOST = "$(BUILT_PRODUCTS_DIR)/smogify.app/smogify";
			};
			name = Release;
		};
		72AA7615288BA6F900E1E1D8 /* Debug */ = {
			isa = XCBuildConfiguration;
			baseConfigurationReference = F36D81A4AB06DD59951E1528 /* Pods-smogify-smogifyUITests.debug.xcconfig */;
			buildSettings = {
				ALWAYS_EMBED_SWIFT_STANDARD_LIBRARIES = YES;
				CODE_SIGN_STYLE = Automatic;
				CURRENT_PROJECT_VERSION = 1;
				DEVELOPMENT_TEAM = 3YZ68KUMHG;
				GENERATE_INFOPLIST_FILE = YES;
				MARKETING_VERSION = 1.0;
				PRODUCT_BUNDLE_IDENTIFIER = nxt1.smogifyUITests;
				PRODUCT_NAME = "$(TARGET_NAME)";
				SWIFT_EMIT_LOC_STRINGS = NO;
				SWIFT_VERSION = 5.0;
				TARGETED_DEVICE_FAMILY = "1,2";
				TEST_TARGET_NAME = smogify;
			};
			name = Debug;
		};
		72AA7616288BA6F900E1E1D8 /* Release */ = {
			isa = XCBuildConfiguration;
			baseConfigurationReference = A5143556B1B0BE6C6DB1ADAF /* Pods-smogify-smogifyUITests.release.xcconfig */;
			buildSettings = {
				ALWAYS_EMBED_SWIFT_STANDARD_LIBRARIES = YES;
				CODE_SIGN_STYLE = Automatic;
				CURRENT_PROJECT_VERSION = 1;
				DEVELOPMENT_TEAM = 3YZ68KUMHG;
				GENERATE_INFOPLIST_FILE = YES;
				MARKETING_VERSION = 1.0;
				PRODUCT_BUNDLE_IDENTIFIER = nxt1.smogifyUITests;
				PRODUCT_NAME = "$(TARGET_NAME)";
				SWIFT_EMIT_LOC_STRINGS = NO;
				SWIFT_VERSION = 5.0;
				TARGETED_DEVICE_FAMILY = "1,2";
				TEST_TARGET_NAME = smogify;
			};
			name = Release;
		};
/* End XCBuildConfiguration section */

/* Begin XCConfigurationList section */
		72AA75DF288BA6F700E1E1D8 /* Build configuration list for PBXProject "smogify" */ = {
			isa = XCConfigurationList;
			buildConfigurations = (
				72AA760C288BA6F900E1E1D8 /* Debug */,
				72AA760D288BA6F900E1E1D8 /* Release */,
			);
			defaultConfigurationIsVisible = 0;
			defaultConfigurationName = Release;
		};
		72AA760E288BA6F900E1E1D8 /* Build configuration list for PBXNativeTarget "smogify" */ = {
			isa = XCConfigurationList;
			buildConfigurations = (
				72AA760F288BA6F900E1E1D8 /* Debug */,
				72AA7610288BA6F900E1E1D8 /* Release */,
			);
			defaultConfigurationIsVisible = 0;
			defaultConfigurationName = Release;
		};
		72AA7611288BA6F900E1E1D8 /* Build configuration list for PBXNativeTarget "smogifyTests" */ = {
			isa = XCConfigurationList;
			buildConfigurations = (
				72AA7612288BA6F900E1E1D8 /* Debug */,
				72AA7613288BA6F900E1E1D8 /* Release */,
			);
			defaultConfigurationIsVisible = 0;
			defaultConfigurationName = Release;
		};
		72AA7614288BA6F900E1E1D8 /* Build configuration list for PBXNativeTarget "smogifyUITests" */ = {
			isa = XCConfigurationList;
			buildConfigurations = (
				72AA7615288BA6F900E1E1D8 /* Debug */,
				72AA7616288BA6F900E1E1D8 /* Release */,
			);
			defaultConfigurationIsVisible = 0;
			defaultConfigurationName = Release;
		};
/* End XCConfigurationList section */
	};
	rootObject = 72AA75DC288BA6F700E1E1D8 /* Project object */;
}
